
Microsoft Visual Studio Solution File, Format Version 12.00
# Visual Studio Version 17
VisualStudioVersion = 17.5.33103.201
MinimumVisualStudioVersion = 10.0.40219.1
Project("{FAE04EC0-301F-11D3-BF4B-00C04F79EFBC}") = "MyApp.UI.Wasm", "MyApp.UI.Wasm\MyApp.UI.Wasm.csproj", "{1A0D605F-3FB0-40A4-AA2C-BC1D340BCCEF}"
EndProject
Project("{FAE04EC0-301F-11D3-BF4B-00C04F79EFBC}") = "MyApp.UI.Server", "MyApp.UI.Server\MyApp.UI.Server.csproj", "{922F270A-9D77-43C8-9C34-CD20B0FD261C}"
EndProject
Project("{9A19103F-16F7-4668-BE54-9A1E7A4F7556}") = "MyApp.UI.Common", "MyApp.UI.Common\MyApp.UI.Common.csproj", "{1773F903-2399-422F-B3D7-03867AB5EDC2}"
EndProject
Global
	GlobalSection(SolutionConfigurationPlatforms) = preSolution
		Debug|Any CPU = Debug|Any CPU
		Release|Any CPU = Release|Any CPU
	EndGlobalSection
	GlobalSection(ProjectConfigurationPlatforms) = postSolution
		{1A0D605F-3FB0-40A4-AA2C-BC1D340BCCEF}.Debug|Any CPU.ActiveCfg = Debug|Any CPU
		{1A0D605F-3FB0-40A4-AA2C-BC1D340BCCEF}.Debug|Any CPU.Build.0 = Debug|Any CPU
		{1A0D605F-3FB0-40A4-AA2C-BC1D340BCCEF}.Release|Any CPU.ActiveCfg = Release|Any CPU
		{1A0D605F-3FB0-40A4-AA2C-BC1D340BCCEF}.Release|Any CPU.Build.0 = Release|Any CPU
		{922F270A-9D77-43C8-9C34-CD20B0FD261C}.Debug|Any CPU.ActiveCfg = Debug|Any CPU
		{922F270A-9D77-43C8-9C34-CD20B0FD261C}.Debug|Any CPU.Build.0 = Debug|Any CPU
		{922F270A-9D77-43C8-9C34-CD20B0FD261C}.Release|Any CPU.ActiveCfg = Release|Any CPU
		{922F270A-9D77-43C8-9C34-CD20B0FD261C}.Release|Any CPU.Build.0 = Release|Any CPU
		{1773F903-2399-422F-B3D7-03867AB5EDC2}.Debug|Any CPU.ActiveCfg = Debug|Any CPU
		{1773F903-2399-422F-B3D7-03867AB5EDC2}.Debug|Any CPU.Build.0 = Debug|Any CPU
		{1773F903-2399-422F-B3D7-03867AB5EDC2}.Release|Any CPU.ActiveCfg = Release|Any CPU
		{1773F903-2399-422F-B3D7-03867AB5EDC2}.Release|Any CPU.Build.0 = Release|Any CPU
	EndGlobalSection
	GlobalSection(SolutionProperties) = preSolution
		HideSolutionNode = FALSE
	EndGlobalSection
	GlobalSection(ExtensibilityGlobals) = postSolution
		SolutionGuid = {58BAE52E-CD95-4E67-9184-028B86A93B06}
	EndGlobalSection
EndGlobal
